{
  "name": "whatsapp-bot-vercel",
  "version": "1.0.0",
  "lockfileVersion": 3,
  "requires": true,
  "packages": {
    "": {
      "name": "whatsapp-bot-vercel",
      "version": "1.0.0",
      "devDependencies": {
        "@kapso/workflows": "^0.3.1"
      }
    },
    "node_modules/@kapso/workflows": {
      "version": "0.3.1",
      "resolved": "https://registry.npmjs.org/@kapso/workflows/-/workflows-0.3.1.tgz",
      "integrity": "sha512-KrUnBu2MF2SP4mOOmCs05J/piq/VGuAXvwIN37WytOTrfIIxxWwPbpPB0AJWBdsE21CU4c7N5FR/plNOOmRa1g==",
      "dev": true,
      "license": "MIT"
    }
  }
}
